
Microsoft Visual Studio Solution File, Format Version 12.00
# Visual Studio Version 17
VisualStudioVersion = 17.2.32602.215
MinimumVisualStudioVersion = 10.0.40219.1
Project("{9A19103F-16F7-4668-BE54-9A1E7A4F7556}") = "Uge1Rabat", "SmartLearning\Uge1Rabat.csproj", "{2FD20A4D-59B6-47D3-9531-34D41BCE4137}"
EndProject
Project("{2150E333-8FDC-42A3-9474-1A3956D46DE8}") = "SMWeek1", "SMWeek1", "{CB3C3E97-FF08-4596-BFB7-4CE68EC1DEAD}"
EndProject
Project("{9A19103F-16F7-4668-BE54-9A1E7A4F7556}") = "Uge1Tests", "Uge1Tests\Uge1Tests.csproj", "{0CED54FC-BB63-4589-BDF0-46BA59AB3BC3}"
EndProject
Project("{2150E333-8FDC-42A3-9474-1A3956D46DE8}") = "SMWeek2", "SMWeek2", "{64657FD4-0376-45E4-A701-A4363EFBFF49}"
EndProject
Project("{9A19103F-16F7-4668-BE54-9A1E7A4F7556}") = "Uge2TransportPris", "Uge2TransportPris\Uge2TransportPris.csproj", "{7B5F34C4-44AD-44FE-AF61-733B3E4A19E0}"
EndProject
Project("{9A19103F-16F7-4668-BE54-9A1E7A4F7556}") = "Uge2Tests", "Uge2Tests\Uge2Tests.csproj", "{602726A2-240D-4B2B-9384-D430BA8AB41F}"
EndProject
Project("{2150E333-8FDC-42A3-9474-1A3956D46DE8}") = "SMWeek3", "SMWeek3", "{D0A57565-198A-4E78-91B0-0FBC785D5B54}"
EndProject
Project("{9A19103F-16F7-4668-BE54-9A1E7A4F7556}") = "Week3TaxCalculatorTests", "Week3TaxCalculatorTests\Week3TaxCalculatorTests.csproj", "{47B6073B-838E-4779-9821-CF78FB3FA9D6}"
EndProject
Project("{9A19103F-16F7-4668-BE54-9A1E7A4F7556}") = "Week3TaxCalculator", "Week3TaxCalculator\Week3TaxCalculator.csproj", "{7941B3A8-07EB-4B22-9E9D-B487A6C4A7F5}"
EndProject
Project("{2150E333-8FDC-42A3-9474-1A3956D46DE8}") = "SMWeek5", "SMWeek5", "{C9DCB96E-4257-496C-BFFF-A226835D3883}"
EndProject
Project("{FAE04EC0-301F-11D3-BF4B-00C04F79EFBC}") = "Week5Crypto", "Week5Crypto\Week5Crypto.csproj", "{CDDE0853-D6E5-46C3-833F-9C21600401AC}"
EndProject
Project("{FAE04EC0-301F-11D3-BF4B-00C04F79EFBC}") = "Week5CryptoTests", "Week5CryptoTests\Week5CryptoTests.csproj", "{5C4A09B4-A5BA-4831-A3CC-DB000BF4D899}"
EndProject
Global
	GlobalSection(SolutionConfigurationPlatforms) = preSolution
		Debug|Any CPU = Debug|Any CPU
		Release|Any CPU = Release|Any CPU
	EndGlobalSection
	GlobalSection(ProjectConfigurationPlatforms) = postSolution
		{2FD20A4D-59B6-47D3-9531-34D41BCE4137}.Debug|Any CPU.ActiveCfg = Debug|Any CPU
		{2FD20A4D-59B6-47D3-9531-34D41BCE4137}.Debug|Any CPU.Build.0 = Debug|Any CPU
		{2FD20A4D-59B6-47D3-9531-34D41BCE4137}.Release|Any CPU.ActiveCfg = Release|Any CPU
		{2FD20A4D-59B6-47D3-9531-34D41BCE4137}.Release|Any CPU.Build.0 = Release|Any CPU
		{0CED54FC-BB63-4589-BDF0-46BA59AB3BC3}.Debug|Any CPU.ActiveCfg = Debug|Any CPU
		{0CED54FC-BB63-4589-BDF0-46BA59AB3BC3}.Debug|Any CPU.Build.0 = Debug|Any CPU
		{0CED54FC-BB63-4589-BDF0-46BA59AB3BC3}.Release|Any CPU.ActiveCfg = Release|Any CPU
		{0CED54FC-BB63-4589-BDF0-46BA59AB3BC3}.Release|Any CPU.Build.0 = Release|Any CPU
		{7B5F34C4-44AD-44FE-AF61-733B3E4A19E0}.Debug|Any CPU.ActiveCfg = Debug|Any CPU
		{7B5F34C4-44AD-44FE-AF61-733B3E4A19E0}.Debug|Any CPU.Build.0 = Debug|Any CPU
		{7B5F34C4-44AD-44FE-AF61-733B3E4A19E0}.Release|Any CPU.ActiveCfg = Release|Any CPU
		{7B5F34C4-44AD-44FE-AF61-733B3E4A19E0}.Release|Any CPU.Build.0 = Release|Any CPU
		{602726A2-240D-4B2B-9384-D430BA8AB41F}.Debug|Any CPU.ActiveCfg = Debug|Any CPU
		{602726A2-240D-4B2B-9384-D430BA8AB41F}.Debug|Any CPU.Build.0 = Debug|Any CPU
		{602726A2-240D-4B2B-9384-D430BA8AB41F}.Release|Any CPU.ActiveCfg = Release|Any CPU
		{602726A2-240D-4B2B-9384-D430BA8AB41F}.Release|Any CPU.Build.0 = Release|Any CPU
		{47B6073B-838E-4779-9821-CF78FB3FA9D6}.Debug|Any CPU.ActiveCfg = Debug|Any CPU
		{47B6073B-838E-4779-9821-CF78FB3FA9D6}.Debug|Any CPU.Build.0 = Debug|Any CPU
		{47B6073B-838E-4779-9821-CF78FB3FA9D6}.Release|Any CPU.ActiveCfg = Release|Any CPU
		{47B6073B-838E-4779-9821-CF78FB3FA9D6}.Release|Any CPU.Build.0 = Release|Any CPU
		{7941B3A8-07EB-4B22-9E9D-B487A6C4A7F5}.Debug|Any CPU.ActiveCfg = Debug|Any CPU
		{7941B3A8-07EB-4B22-9E9D-B487A6C4A7F5}.Debug|Any CPU.Build.0 = Debug|Any CPU
		{7941B3A8-07EB-4B22-9E9D-B487A6C4A7F5}.Release|Any CPU.ActiveCfg = Release|Any CPU
		{7941B3A8-07EB-4B22-9E9D-B487A6C4A7F5}.Release|Any CPU.Build.0 = Release|Any CPU
		{CDDE0853-D6E5-46C3-833F-9C21600401AC}.Debug|Any CPU.ActiveCfg = Debug|Any CPU
		{CDDE0853-D6E5-46C3-833F-9C21600401AC}.Debug|Any CPU.Build.0 = Debug|Any CPU
		{CDDE0853-D6E5-46C3-833F-9C21600401AC}.Release|Any CPU.ActiveCfg = Release|Any CPU
		{CDDE0853-D6E5-46C3-833F-9C21600401AC}.Release|Any CPU.Build.0 = Release|Any CPU
		{5C4A09B4-A5BA-4831-A3CC-DB000BF4D899}.Debug|Any CPU.ActiveCfg = Debug|Any CPU
		{5C4A09B4-A5BA-4831-A3CC-DB000BF4D899}.Debug|Any CPU.Build.0 = Debug|Any CPU
		{5C4A09B4-A5BA-4831-A3CC-DB000BF4D899}.Release|Any CPU.ActiveCfg = Release|Any CPU
		{5C4A09B4-A5BA-4831-A3CC-DB000BF4D899}.Release|Any CPU.Build.0 = Release|Any CPU
	EndGlobalSection
	GlobalSection(SolutionProperties) = preSolution
		HideSolutionNode = FALSE
	EndGlobalSection
	GlobalSection(NestedProjects) = preSolution
		{2FD20A4D-59B6-47D3-9531-34D41BCE4137} = {CB3C3E97-FF08-4596-BFB7-4CE68EC1DEAD}
		{0CED54FC-BB63-4589-BDF0-46BA59AB3BC3} = {CB3C3E97-FF08-4596-BFB7-4CE68EC1DEAD}
		{7B5F34C4-44AD-44FE-AF61-733B3E4A19E0} = {64657FD4-0376-45E4-A701-A4363EFBFF49}
		{602726A2-240D-4B2B-9384-D430BA8AB41F} = {64657FD4-0376-45E4-A701-A4363EFBFF49}
		{47B6073B-838E-4779-9821-CF78FB3FA9D6} = {D0A57565-198A-4E78-91B0-0FBC785D5B54}
		{7941B3A8-07EB-4B22-9E9D-B487A6C4A7F5} = {D0A57565-198A-4E78-91B0-0FBC785D5B54}
		{CDDE0853-D6E5-46C3-833F-9C21600401AC} = {C9DCB96E-4257-496C-BFFF-A226835D3883}
		{5C4A09B4-A5BA-4831-A3CC-DB000BF4D899} = {C9DCB96E-4257-496C-BFFF-A226835D3883}
	EndGlobalSection
	GlobalSection(ExtensibilityGlobals) = postSolution
		SolutionGuid = {C464E2A5-CC16-44C9-8D9C-585221CD841E}
	EndGlobalSection
EndGlobal
