
Microsoft Visual Studio Solution File, Format Version 12.00
# Visual Studio Version 17
VisualStudioVersion = 17.2.32602.215
MinimumVisualStudioVersion = 10.0.40219.1
Project("{9A19103F-16F7-4668-BE54-9A1E7A4F7556}") = "Uge1Rabat", "SmartLearning\Uge1Rabat.csproj", "{2FD20A4D-59B6-47D3-9531-34D41BCE4137}"
EndProject
Project("{2150E333-8FDC-42A3-9474-1A3956D46DE8}") = "SMUge1", "SMUge1", "{CB3C3E97-FF08-4596-BFB7-4CE68EC1DEAD}"
EndProject
Project("{9A19103F-16F7-4668-BE54-9A1E7A4F7556}") = "Uge1Tests", "Uge1Tests\Uge1Tests.csproj", "{0CED54FC-BB63-4589-BDF0-46BA59AB3BC3}"
EndProject
Project("{2150E333-8FDC-42A3-9474-1A3956D46DE8}") = "SMUge2", "SMUge2", "{64657FD4-0376-45E4-A701-A4363EFBFF49}"
EndProject
Project("{FAE04EC0-301F-11D3-BF4B-00C04F79EFBC}") = "Uge2TransportPris", "Uge2TransportPris\Uge2TransportPris.csproj", "{7B5F34C4-44AD-44FE-AF61-733B3E4A19E0}"
EndProject
Project("{FAE04EC0-301F-11D3-BF4B-00C04F79EFBC}") = "Uge2Tests", "Uge2Tests\Uge2Tests.csproj", "{602726A2-240D-4B2B-9384-D430BA8AB41F}"
EndProject
Global
	GlobalSection(SolutionConfigurationPlatforms) = preSolution
		Debug|Any CPU = Debug|Any CPU
		Release|Any CPU = Release|Any CPU
	EndGlobalSection
	GlobalSection(ProjectConfigurationPlatforms) = postSolution
		{2FD20A4D-59B6-47D3-9531-34D41BCE4137}.Debug|Any CPU.ActiveCfg = Debug|Any CPU
		{2FD20A4D-59B6-47D3-9531-34D41BCE4137}.Debug|Any CPU.Build.0 = Debug|Any CPU
		{2FD20A4D-59B6-47D3-9531-34D41BCE4137}.Release|Any CPU.ActiveCfg = Release|Any CPU
		{2FD20A4D-59B6-47D3-9531-34D41BCE4137}.Release|Any CPU.Build.0 = Release|Any CPU
		{0CED54FC-BB63-4589-BDF0-46BA59AB3BC3}.Debug|Any CPU.ActiveCfg = Debug|Any CPU
		{0CED54FC-BB63-4589-BDF0-46BA59AB3BC3}.Debug|Any CPU.Build.0 = Debug|Any CPU
		{0CED54FC-BB63-4589-BDF0-46BA59AB3BC3}.Release|Any CPU.ActiveCfg = Release|Any CPU
		{0CED54FC-BB63-4589-BDF0-46BA59AB3BC3}.Release|Any CPU.Build.0 = Release|Any CPU
		{7B5F34C4-44AD-44FE-AF61-733B3E4A19E0}.Debug|Any CPU.ActiveCfg = Debug|Any CPU
		{7B5F34C4-44AD-44FE-AF61-733B3E4A19E0}.Debug|Any CPU.Build.0 = Debug|Any CPU
		{7B5F34C4-44AD-44FE-AF61-733B3E4A19E0}.Release|Any CPU.ActiveCfg = Release|Any CPU
		{7B5F34C4-44AD-44FE-AF61-733B3E4A19E0}.Release|Any CPU.Build.0 = Release|Any CPU
		{602726A2-240D-4B2B-9384-D430BA8AB41F}.Debug|Any CPU.ActiveCfg = Debug|Any CPU
		{602726A2-240D-4B2B-9384-D430BA8AB41F}.Debug|Any CPU.Build.0 = Debug|Any CPU
		{602726A2-240D-4B2B-9384-D430BA8AB41F}.Release|Any CPU.ActiveCfg = Release|Any CPU
		{602726A2-240D-4B2B-9384-D430BA8AB41F}.Release|Any CPU.Build.0 = Release|Any CPU
	EndGlobalSection
	GlobalSection(SolutionProperties) = preSolution
		HideSolutionNode = FALSE
	EndGlobalSection
	GlobalSection(NestedProjects) = preSolution
		{2FD20A4D-59B6-47D3-9531-34D41BCE4137} = {CB3C3E97-FF08-4596-BFB7-4CE68EC1DEAD}
		{0CED54FC-BB63-4589-BDF0-46BA59AB3BC3} = {CB3C3E97-FF08-4596-BFB7-4CE68EC1DEAD}
		{7B5F34C4-44AD-44FE-AF61-733B3E4A19E0} = {64657FD4-0376-45E4-A701-A4363EFBFF49}
		{602726A2-240D-4B2B-9384-D430BA8AB41F} = {64657FD4-0376-45E4-A701-A4363EFBFF49}
	EndGlobalSection
	GlobalSection(ExtensibilityGlobals) = postSolution
		SolutionGuid = {C464E2A5-CC16-44C9-8D9C-585221CD841E}
	EndGlobalSection
EndGlobal
